
Microsoft Visual Studio Solution File, Format Version 12.00
# Visual Studio Version 17
VisualStudioVersion = 17.3.32811.315
MinimumVisualStudioVersion = 10.0.40219.1
Project("{FAE04EC0-301F-11D3-BF4B-00C04F79EFBC}") = "Sales", "Sales\Sales.csproj", "{9A51BA3E-B4F1-447A-A520-4FD2FD62CDF8}"
EndProject
Global
	GlobalSection(SolutionConfigurationPlatforms) = preSolution
		Debug|Any CPU = Debug|Any CPU
		Release|Any CPU = Release|Any CPU
	EndGlobalSection
	GlobalSection(ProjectConfigurationPlatforms) = postSolution
		{9A51BA3E-B4F1-447A-A520-4FD2FD62CDF8}.Debug|Any CPU.ActiveCfg = Debug|Any CPU
		{9A51BA3E-B4F1-447A-A520-4FD2FD62CDF8}.Debug|Any CPU.Build.0 = Debug|Any CPU
		{9A51BA3E-B4F1-447A-A520-4FD2FD62CDF8}.Release|Any CPU.ActiveCfg = Release|Any CPU
		{9A51BA3E-B4F1-447A-A520-4FD2FD62CDF8}.Release|Any CPU.Build.0 = Release|Any CPU
	EndGlobalSection
	GlobalSection(SolutionProperties) = preSolution
		HideSolutionNode = FALSE
	EndGlobalSection
	GlobalSection(ExtensibilityGlobals) = postSolution
		SolutionGuid = {A45D0158-9339-48F4-8FF0-5BCCD3A60D80}
	EndGlobalSection
EndGlobal
